// !$*UTF8*$!
{
	archiveVersion = 1;
	classes = {
	};
	objectVersion = 46;
	objects = {

/* Begin PBXBuildFile section */
		71F438281E70F5C6000EB5C5 /* main.m in Sources */ = {isa = PBXBuildFile; fileRef = 71F438271E70F5C6000EB5C5 /* main.m */; };
		71F4382B1E70F5C6000EB5C5 /* AppDelegate.m in Sources */ = {isa = PBXBuildFile; fileRef = 71F4382A1E70F5C6000EB5C5 /* AppDelegate.m */; };
		71F4382E1E70F5C6000EB5C5 /* ViewController.m in Sources */ = {isa = PBXBuildFile; fileRef = 71F4382D1E70F5C6000EB5C5 /* ViewController.m */; };
		71F438311E70F5C6000EB5C5 /* Main.storyboard in Resources */ = {isa = PBXBuildFile; fileRef = 71F4382F1E70F5C6000EB5C5 /* Main.storyboard */; };
		71F438331E70F5C6000EB5C5 /* Assets.xcassets in Resources */ = {isa = PBXBuildFile; fileRef = 71F438321E70F5C6000EB5C5 /* Assets.xcassets */; };
		71F438361E70F5C6000EB5C5 /* LaunchScreen.storyboard in Resources */ = {isa = PBXBuildFile; fileRef = 71F438341E70F5C6000EB5C5 /* LaunchScreen.storyboard */; };
		71F438411E70F5C7000EB5C5 /* runtime_____Tests.m in Sources */ = {isa = PBXBuildFile; fileRef = 71F438401E70F5C7000EB5C5 /* runtime_____Tests.m */; };
		71F4384C1E70F5C7000EB5C5 /* runtime_____UITests.m in Sources */ = {isa = PBXBuildFile; fileRef = 71F4384B1E70F5C7000EB5C5 /* runtime_____UITests.m */; };
/* End PBXBuildFile section */

/* Begin PBXContainerItemProxy section */
		71F4383D1E70F5C7000EB5C5 /* PBXContainerItemProxy */ = {
			isa = PBXContainerItemProxy;
			containerPortal = 71F4381B1E70F5C6000EB5C5 /* Project object */;
			proxyType = 1;
			remoteGlobalIDString = 71F438221E70F5C6000EB5C5;
			remoteInfo = "runtime的常见用法";
		};
		71F438481E70F5C7000EB5C5 /* PBXContainerItemProxy */ = {
			isa = PBXContainerItemProxy;
			containerPortal = 71F4381B1E70F5C6000EB5C5 /* Project object */;
			proxyType = 1;
			remoteGlobalIDString = 71F438221E70F5C6000EB5C5;
			remoteInfo = "runtime的常见用法";
		};
/* End PBXContainerItemProxy section */

/* Begin PBXFileReference section */
		71F438231E70F5C6000EB5C5 /* runtime的常见用法.app */ = {isa = PBXFileReference; explicitFileType = wrapper.application; includeInIndex = 0; path = "runtime的常见用法.app"; sourceTree = BUILT_PRODUCTS_DIR; };
		71F438271E70F5C6000EB5C5 /* main.m */ = {isa = PBXFileReference; lastKnownFileType = sourcecode.c.objc; path = main.m; sourceTree = "<group>"; };
		71F438291E70F5C6000EB5C5 /* AppDelegate.h */ = {isa = PBXFileReference; lastKnownFileType = sourcecode.c.h; path = AppDelegate.h; sourceTree = "<group>"; };
		71F4382A1E70F5C6000EB5C5 /* AppDelegate.m */ = {isa = PBXFileReference; lastKnownFileType = sourcecode.c.objc; path = AppDelegate.m; sourceTree = "<group>"; };
		71F4382C1E70F5C6000EB5C5 /* ViewController.h */ = {isa = PBXFileReference; lastKnownFileType = sourcecode.c.h; path = ViewController.h; sourceTree = "<group>"; };
		71F4382D1E70F5C6000EB5C5 /* ViewController.m */ = {isa = PBXFileReference; lastKnownFileType = sourcecode.c.objc; path = ViewController.m; sourceTree = "<group>"; };
		71F438301E70F5C6000EB5C5 /* Base */ = {isa = PBXFileReference; lastKnownFileType = file.storyboard; name = Base; path = Base.lproj/Main.storyboard; sourceTree = "<group>"; };
		71F438321E70F5C6000EB5C5 /* Assets.xcassets */ = {isa = PBXFileReference; lastKnownFileType = folder.assetcatalog; path = Assets.xcassets; sourceTree = "<group>"; };
		71F438351E70F5C6000EB5C5 /* Base */ = {isa = PBXFileReference; lastKnownFileType = file.storyboard; name = Base; path = Base.lproj/LaunchScreen.storyboard; sourceTree = "<group>"; };
		71F438371E70F5C6000EB5C5 /* Info.plist */ = {isa = PBXFileReference; lastKnownFileType = text.plist.xml; path = Info.plist; sourceTree = "<group>"; };
		71F4383C1E70F5C7000EB5C5 /* runtime的常见用法Tests.xctest */ = {isa = PBXFileReference; explicitFileType = wrapper.cfbundle; includeInIndex = 0; path = "runtime的常见用法Tests.xctest"; sourceTree = BUILT_PRODUCTS_DIR; };
		71F438401E70F5C7000EB5C5 /* runtime_____Tests.m */ = {isa = PBXFileReference; lastKnownFileType = sourcecode.c.objc; path = "runtime_____Tests.m"; sourceTree = "<group>"; };
		71F438421E70F5C7000EB5C5 /* Info.plist */ = {isa = PBXFileReference; lastKnownFileType = text.plist.xml; path = Info.plist; sourceTree = "<group>"; };
		71F438471E70F5C7000EB5C5 /* runtime的常见用法UITests.xctest */ = {isa = PBXFileReference; explicitFileType = wrapper.cfbundle; includeInIndex = 0; path = "runtime的常见用法UITests.xctest"; sourceTree = BUILT_PRODUCTS_DIR; };
		71F4384B1E70F5C7000EB5C5 /* runtime_____UITests.m */ = {isa = PBXFileReference; lastKnownFileType = sourcecode.c.objc; path = "runtime_____UITests.m"; sourceTree = "<group>"; };
		71F4384D1E70F5C7000EB5C5 /* Info.plist */ = {isa = PBXFileReference; lastKnownFileType = text.plist.xml; path = Info.plist; sourceTree = "<group>"; };
/* End PBXFileReference section */

/* Begin PBXFrameworksBuildPhase section */
		71F438201E70F5C6000EB5C5 /* Frameworks */ = {
			isa = PBXFrameworksBuildPhase;
			buildActionMask = 2147483647;
			files = (
			);
			runOnlyForDeploymentPostprocessing = 0;
		};
		71F438391E70F5C7000EB5C5 /* Frameworks */ = {
			isa = PBXFrameworksBuildPhase;
			buildActionMask = 2147483647;
			files = (
			);
			runOnlyForDeploymentPostprocessing = 0;
		};
		71F438441E70F5C7000EB5C5 /* Frameworks */ = {
			isa = PBXFrameworksBuildPhase;
			buildActionMask = 2147483647;
			files = (
			);
			runOnlyForDeploymentPostprocessing = 0;
		};
/* End PBXFrameworksBuildPhase section */

/* Begin PBXGroup section */
		71F4381A1E70F5C6000EB5C5 = {
			isa = PBXGroup;
			children = (
				71F438251E70F5C6000EB5C5 /* runtime的常见用法 */,
				71F4383F1E70F5C7000EB5C5 /* runtime的常见用法Tests */,
				71F4384A1E70F5C7000EB5C5 /* runtime的常见用法UITests */,
				71F438241E70F5C6000EB5C5 /* Products */,
			);
			sourceTree = "<group>";
		};
		71F438241E70F5C6000EB5C5 /* Products */ = {
			isa = PBXGroup;
			children = (
				71F438231E70F5C6000EB5C5 /* runtime的常见用法.app */,
				71F4383C1E70F5C7000EB5C5 /* runtime的常见用法Tests.xctest */,
				71F438471E70F5C7000EB5C5 /* runtime的常见用法UITests.xctest */,
			);
			name = Products;
			sourceTree = "<group>";
		};
		71F438251E70F5C6000EB5C5 /* runtime的常见用法 */ = {
			isa = PBXGroup;
			children = (
				71F438291E70F5C6000EB5C5 /* AppDelegate.h */,
				71F4382A1E70F5C6000EB5C5 /* AppDelegate.m */,
				71F4382C1E70F5C6000EB5C5 /* ViewController.h */,
				71F4382D1E70F5C6000EB5C5 /* ViewController.m */,
				71F4382F1E70F5C6000EB5C5 /* Main.storyboard */,
				71F438321E70F5C6000EB5C5 /* Assets.xcassets */,
				71F438341E70F5C6000EB5C5 /* LaunchScreen.storyboard */,
				71F438371E70F5C6000EB5C5 /* Info.plist */,
				71F438261E70F5C6000EB5C5 /* Supporting Files */,
			);
			path = "runtime的常见用法";
			sourceTree = "<group>";
		};
		71F438261E70F5C6000EB5C5 /* Supporting Files */ = {
			isa = PBXGroup;
			children = (
				71F438271E70F5C6000EB5C5 /* main.m */,
			);
			name = "Supporting Files";
			sourceTree = "<group>";
		};
		71F4383F1E70F5C7000EB5C5 /* runtime的常见用法Tests */ = {
			isa = PBXGroup;
			children = (
				71F438401E70F5C7000EB5C5 /* runtime_____Tests.m */,
				71F438421E70F5C7000EB5C5 /* Info.plist */,
			);
			path = "runtime的常见用法Tests";
			sourceTree = "<group>";
		};
		71F4384A1E70F5C7000EB5C5 /* runtime的常见用法UITests */ = {
			isa = PBXGroup;
			children = (
				71F4384B1E70F5C7000EB5C5 /* runtime_____UITests.m */,
				71F4384D1E70F5C7000EB5C5 /* Info.plist */,
			);
			path = "runtime的常见用法UITests";
			sourceTree = "<group>";
		};
/* End PBXGroup section */

/* Begin PBXNativeTarget section */
		71F438221E70F5C6000EB5C5 /* runtime的常见用法 */ = {
			isa = PBXNativeTarget;
			buildConfigurationList = 71F438501E70F5C7000EB5C5 /* Build configuration list for PBXNativeTarget "runtime的常见用法" */;
			buildPhases = (
				71F4381F1E70F5C6000EB5C5 /* Sources */,
				71F438201E70F5C6000EB5C5 /* Frameworks */,
				71F438211E70F5C6000EB5C5 /* Resources */,
			);
			buildRules = (
			);
			dependencies = (
			);
			name = "runtime的常见用法";
			productName = "runtime的常见用法";
			productReference = 71F438231E70F5C6000EB5C5 /* runtime的常见用法.app */;
			productType = "com.apple.product-type.application";
		};
		71F4383B1E70F5C7000EB5C5 /* runtime的常见用法Tests */ = {
			isa = PBXNativeTarget;
			buildConfigurationList = 71F438531E70F5C7000EB5C5 /* Build configuration list for PBXNativeTarget "runtime的常见用法Tests" */;
			buildPhases = (
				71F438381E70F5C7000EB5C5 /* Sources */,
				71F438391E70F5C7000EB5C5 /* Frameworks */,
				71F4383A1E70F5C7000EB5C5 /* Resources */,
			);
			buildRules = (
			);
			dependencies = (
				71F4383E1E70F5C7000EB5C5 /* PBXTargetDependency */,
			);
			name = "runtime的常见用法Tests";
			productName = "runtime的常见用法Tests";
			productReference = 71F4383C1E70F5C7000EB5C5 /* runtime的常见用法Tests.xctest */;
			productType = "com.apple.product-type.bundle.unit-test";
		};
		71F438461E70F5C7000EB5C5 /* runtime的常见用法UITests */ = {
			isa = PBXNativeTarget;
			buildConfigurationList = 71F438561E70F5C7000EB5C5 /* Build configuration list for PBXNativeTarget "runtime的常见用法UITests" */;
			buildPhases = (
				71F438431E70F5C7000EB5C5 /* Sources */,
				71F438441E70F5C7000EB5C5 /* Frameworks */,
				71F438451E70F5C7000EB5C5 /* Resources */,
			);
			buildRules = (
			);
			dependencies = (
				71F438491E70F5C7000EB5C5 /* PBXTargetDependency */,
			);
			name = "runtime的常见用法UITests";
			productName = "runtime的常见用法UITests";
			productReference = 71F438471E70F5C7000EB5C5 /* runtime的常见用法UITests.xctest */;
			productType = "com.apple.product-type.bundle.ui-testing";
		};
/* End PBXNativeTarget section */

/* Begin PBXProject section */
		71F4381B1E70F5C6000EB5C5 /* Project object */ = {
			isa = PBXProject;
			attributes = {
				LastUpgradeCheck = 0820;
				ORGANIZATIONNAME = Admin;
				TargetAttributes = {
					71F438221E70F5C6000EB5C5 = {
						CreatedOnToolsVersion = 8.2.1;
						DevelopmentTeam = S6399V563F;
						ProvisioningStyle = Automatic;
					};
					71F4383B1E70F5C7000EB5C5 = {
						CreatedOnToolsVersion = 8.2.1;
						DevelopmentTeam = S6399V563F;
						ProvisioningStyle = Automatic;
						TestTargetID = 71F438221E70F5C6000EB5C5;
					};
					71F438461E70F5C7000EB5C5 = {
						CreatedOnToolsVersion = 8.2.1;
						DevelopmentTeam = S6399V563F;
						ProvisioningStyle = Automatic;
						TestTargetID = 71F438221E70F5C6000EB5C5;
					};
				};
			};
			buildConfigurationList = 71F4381E1E70F5C6000EB5C5 /* Build configuration list for PBXProject "runtime的常见用法" */;
			compatibilityVersion = "Xcode 3.2";
			developmentRegion = English;
			hasScannedForEncodings = 0;
			knownRegions = (
				en,
				Base,
			);
			mainGroup = 71F4381A1E70F5C6000EB5C5;
			productRefGroup = 71F438241E70F5C6000EB5C5 /* Products */;
			projectDirPath = "";
			projectRoot = "";
			targets = (
				71F438221E70F5C6000EB5C5 /* runtime的常见用法 */,
				71F4383B1E70F5C7000EB5C5 /* runtime的常见用法Tests */,
				71F438461E70F5C7000EB5C5 /* runtime的常见用法UITests */,
			);
		};
/* End PBXProject section */

/* Begin PBXResourcesBuildPhase section */
		71F438211E70F5C6000EB5C5 /* Resources */ = {
			isa = PBXResourcesBuildPhase;
			buildActionMask = 2147483647;
			files = (
				71F438361E70F5C6000EB5C5 /* LaunchScreen.storyboard in Resources */,
				71F438331E70F5C6000EB5C5 /* Assets.xcassets in Resources */,
				71F438311E70F5C6000EB5C5 /* Main.storyboard in Resources */,
			);
			runOnlyForDeploymentPostprocessing = 0;
		};
		71F4383A1E70F5C7000EB5C5 /* Resources */ = {
			isa = PBXResourcesBuildPhase;
			buildActionMask = 2147483647;
			files = (
			);
			runOnlyForDeploymentPostprocessing = 0;
		};
		71F438451E70F5C7000EB5C5 /* Resources */ = {
			isa = PBXResourcesBuildPhase;
			buildActionMask = 2147483647;
			files = (
			);
			runOnlyForDeploymentPostprocessing = 0;
		};
/* End PBXResourcesBuildPhase section */

/* Begin PBXSourcesBuildPhase section */
		71F4381F1E70F5C6000EB5C5 /* Sources */ = {
			isa = PBXSourcesBuildPhase;
			buildActionMask = 2147483647;
			files = (
				71F4382E1E70F5C6000EB5C5 /* ViewController.m in Sources */,
				71F4382B1E70F5C6000EB5C5 /* AppDelegate.m in Sources */,
				71F438281E70F5C6000EB5C5 /* main.m in Sources */,
			);
			runOnlyForDeploymentPostprocessing = 0;
		};
		71F438381E70F5C7000EB5C5 /* Sources */ = {
			isa = PBXSourcesBuildPhase;
			buildActionMask = 2147483647;
			files = (
				71F438411E70F5C7000EB5C5 /* runtime_____Tests.m in Sources */,
			);
			runOnlyForDeploymentPostprocessing = 0;
		};
		71F438431E70F5C7000EB5C5 /* Sources */ = {
			isa = PBXSourcesBuildPhase;
			buildActionMask = 2147483647;
			files = (
				71F4384C1E70F5C7000EB5C5 /* runtime_____UITests.m in Sources */,
			);
			runOnlyForDeploymentPostprocessing = 0;
		};
/* End PBXSourcesBuildPhase section */

/* Begin PBXTargetDependency section */
		71F4383E1E70F5C7000EB5C5 /* PBXTargetDependency */ = {
			isa = PBXTargetDependency;
			target = 71F438221E70F5C6000EB5C5 /* runtime的常见用法 */;
			targetProxy = 71F4383D1E70F5C7000EB5C5 /* PBXContainerItemProxy */;
		};
		71F438491E70F5C7000EB5C5 /* PBXTargetDependency */ = {
			isa = PBXTargetDependency;
			target = 71F438221E70F5C6000EB5C5 /* runtime的常见用法 */;
			targetProxy = 71F438481E70F5C7000EB5C5 /* PBXContainerItemProxy */;
		};
/* End PBXTargetDependency section */

/* Begin PBXVariantGroup section */
		71F4382F1E70F5C6000EB5C5 /* Main.storyboard */ = {
			isa = PBXVariantGroup;
			children = (
				71F438301E70F5C6000EB5C5 /* Base */,
			);
			name = Main.storyboard;
			sourceTree = "<group>";
		};
		71F438341E70F5C6000EB5C5 /* LaunchScreen.storyboard */ = {
			isa = PBXVariantGroup;
			children = (
				71F438351E70F5C6000EB5C5 /* Base */,
			);
			name = LaunchScreen.storyboard;
			sourceTree = "<group>";
		};
/* End PBXVariantGroup section */

/* Begin XCBuildConfiguration section */
		71F4384E1E70F5C7000EB5C5 /* Debug */ = {
			isa = XCBuildConfiguration;
			buildSettings = {
				ALWAYS_SEARCH_USER_PATHS = NO;
				CLANG_ANALYZER_NONNULL = YES;
				CLANG_CXX_LANGUAGE_STANDARD = "gnu++0x";
				CLANG_CXX_LIBRARY = "libc++";
				CLANG_ENABLE_MODULES = YES;
				CLANG_ENABLE_OBJC_ARC = YES;
				CLANG_WARN_BOOL_CONVERSION = YES;
				CLANG_WARN_CONSTANT_CONVERSION = YES;
				CLANG_WARN_DIRECT_OBJC_ISA_USAGE = YES_ERROR;
				CLANG_WARN_DOCUMENTATION_COMMENTS = YES;
				CLANG_WARN_EMPTY_BODY = YES;
				CLANG_WARN_ENUM_CONVERSION = YES;
				CLANG_WARN_INFINITE_RECURSION = YES;
				CLANG_WARN_INT_CONVERSION = YES;
				CLANG_WARN_OBJC_ROOT_CLASS = YES_ERROR;
				CLANG_WARN_SUSPICIOUS_MOVE = YES;
				CLANG_WARN_UNREACHABLE_CODE = YES;
				CLANG_WARN__DUPLICATE_METHOD_MATCH = YES;
				"CODE_SIGN_IDENTITY[sdk=iphoneos*]" = "iPhone Developer";
				COPY_PHASE_STRIP = NO;
				DEBUG_INFORMATION_FORMAT = dwarf;
				ENABLE_STRICT_OBJC_MSGSEND = YES;
				ENABLE_TESTABILITY = YES;
				GCC_C_LANGUAGE_STANDARD = gnu99;
				GCC_DYNAMIC_NO_PIC = NO;
				GCC_NO_COMMON_BLOCKS = YES;
				GCC_OPTIMIZATION_LEVEL = 0;
				GCC_PREPROCESSOR_DEFINITIONS = (
					"DEBUG=1",
					"$(inherited)",
				);
				GCC_WARN_64_TO_32_BIT_CONVERSION = YES;
				GCC_WARN_ABOUT_RETURN_TYPE = YES_ERROR;
				GCC_WARN_UNDECLARED_SELECTOR = YES;
				GCC_WARN_UNINITIALIZED_AUTOS = YES_AGGRESSIVE;
				GCC_WARN_UNUSED_FUNCTION = YES;
				GCC_WARN_UNUSED_VARIABLE = YES;
				IPHONEOS_DEPLOYMENT_TARGET = 10.2;
				MTL_ENABLE_DEBUG_INFO = YES;
				ONLY_ACTIVE_ARCH = YES;
				SDKROOT = iphoneos;
				TARGETED_DEVICE_FAMILY = "1,2";
			};
			name = Debug;
		};
		71F4384F1E70F5C7000EB5C5 /* Release */ = {
			isa = XCBuildConfiguration;
			buildSettings = {
				ALWAYS_SEARCH_USER_PATHS = NO;
				CLANG_ANALYZER_NONNULL = YES;
				CLANG_CXX_LANGUAGE_STANDARD = "gnu++0x";
				CLANG_CXX_LIBRARY = "libc++";
				CLANG_ENABLE_MODULES = YES;
				CLANG_ENABLE_OBJC_ARC = YES;
				CLANG_WARN_BOOL_CONVERSION = YES;
				CLANG_WARN_CONSTANT_CONVERSION = YES;
				CLANG_WARN_DIRECT_OBJC_ISA_USAGE = YES_ERROR;
				CLANG_WARN_DOCUMENTATION_COMMENTS = YES;
				CLANG_WARN_EMPTY_BODY = YES;
				CLANG_WARN_ENUM_CONVERSION = YES;
				CLANG_WARN_INFINITE_RECURSION = YES;
				CLANG_WARN_INT_CONVERSION = YES;
				CLANG_WARN_OBJC_ROOT_CLASS = YES_ERROR;
				CLANG_WARN_SUSPICIOUS_MOVE = YES;
				CLANG_WARN_UNREACHABLE_CODE = YES;
				CLANG_WARN__DUPLICATE_METHOD_MATCH = YES;
				"CODE_SIGN_IDENTITY[sdk=iphoneos*]" = "iPhone Developer";
				COPY_PHASE_STRIP = NO;
				DEBUG_INFORMATION_FORMAT = "dwarf-with-dsym";
				ENABLE_NS_ASSERTIONS = NO;
				ENABLE_STRICT_OBJC_MSGSEND = YES;
				GCC_C_LANGUAGE_STANDARD = gnu99;
				GCC_NO_COMMON_BLOCKS = YES;
				GCC_WARN_64_TO_32_BIT_CONVERSION = YES;
				GCC_WARN_ABOUT_RETURN_TYPE = YES_ERROR;
				GCC_WARN_UNDECLARED_SELECTOR = YES;
				GCC_WARN_UNINITIALIZED_AUTOS = YES_AGGRESSIVE;
				GCC_WARN_UNUSED_FUNCTION = YES;
				GCC_WARN_UNUSED_VARIABLE = YES;
				IPHONEOS_DEPLOYMENT_TARGET = 10.2;
				MTL_ENABLE_DEBUG_INFO = NO;
				SDKROOT = iphoneos;
				TARGETED_DEVICE_FAMILY = "1,2";
				VALIDATE_PRODUCT = YES;
			};
			name = Release;
		};
		71F438511E70F5C7000EB5C5 /* Debug */ = {
			isa = XCBuildConfiguration;
			buildSettings = {
				ASSETCATALOG_COMPILER_APPICON_NAME = AppIcon;
				DEVELOPMENT_TEAM = S6399V563F;
				INFOPLIST_FILE = "runtime的常见用法/Info.plist";
				LD_RUNPATH_SEARCH_PATHS = "$(inherited) @executable_path/Frameworks";
				PRODUCT_BUNDLE_IDENTIFIER = "com.doreso.Doreso.runtime-----";
				PRODUCT_NAME = "$(TARGET_NAME)";
			};
			name = Debug;
		};
		71F438521E70F5C7000EB5C5 /* Release */ = {
			isa = XCBuildConfiguration;
			buildSettings = {
				ASSETCATALOG_COMPILER_APPICON_NAME = AppIcon;
				DEVELOPMENT_TEAM = S6399V563F;
				INFOPLIST_FILE = "runtime的常见用法/Info.plist";
				LD_RUNPATH_SEARCH_PATHS = "$(inherited) @executable_path/Frameworks";
				PRODUCT_BUNDLE_IDENTIFIER = "com.doreso.Doreso.runtime-----";
				PRODUCT_NAME = "$(TARGET_NAME)";
			};
			name = Release;
		};
		71F438541E70F5C7000EB5C5 /* Debug */ = {
			isa = XCBuildConfiguration;
			buildSettings = {
				BUNDLE_LOADER = "$(TEST_HOST)";
				DEVELOPMENT_TEAM = S6399V563F;
				INFOPLIST_FILE = "runtime的常见用法Tests/Info.plist";
				LD_RUNPATH_SEARCH_PATHS = "$(inherited) @executable_path/Frameworks @loader_path/Frameworks";
				PRODUCT_BUNDLE_IDENTIFIER = "com.doreso.Doreso.runtime-----Tests";
				PRODUCT_NAME = "$(TARGET_NAME)";
				TEST_HOST = "$(BUILT_PRODUCTS_DIR)/runtime的常见用法.app/runtime的常见用法";
			};
			name = Debug;
		};
		71F438551E70F5C7000EB5C5 /* Release */ = {
			isa = XCBuildConfiguration;
			buildSettings = {
				BUNDLE_LOADER = "$(TEST_HOST)";
				DEVELOPMENT_TEAM = S6399V563F;
				INFOPLIST_FILE = "runtime的常见用法Tests/Info.plist";
				LD_RUNPATH_SEARCH_PATHS = "$(inherited) @executable_path/Frameworks @loader_path/Frameworks";
				PRODUCT_BUNDLE_IDENTIFIER = "com.doreso.Doreso.runtime-----Tests";
				PRODUCT_NAME = "$(TARGET_NAME)";
				TEST_HOST = "$(BUILT_PRODUCTS_DIR)/runtime的常见用法.app/runtime的常见用法";
			};
			name = Release;
		};
		71F438571E70F5C7000EB5C5 /* Debug */ = {
			isa = XCBuildConfiguration;
			buildSettings = {
				DEVELOPMENT_TEAM = S6399V563F;
				INFOPLIST_FILE = "runtime的常见用法UITests/Info.plist";
				LD_RUNPATH_SEARCH_PATHS = "$(inherited) @executable_path/Frameworks @loader_path/Frameworks";
				PRODUCT_BUNDLE_IDENTIFIER = "com.doreso.Doreso.runtime-----UITests";
				PRODUCT_NAME = "$(TARGET_NAME)";
				TEST_TARGET_NAME = "runtime的常见用法";
			};
			name = Debug;
		};
		71F438581E70F5C7000EB5C5 /* Release */ = {
			isa = XCBuildConfiguration;
			buildSettings = {
				DEVELOPMENT_TEAM = S6399V563F;
				INFOPLIST_FILE = "runtime的常见用法UITests/Info.plist";
				LD_RUNPATH_SEARCH_PATHS = "$(inherited) @executable_path/Frameworks @loader_path/Frameworks";
				PRODUCT_BUNDLE_IDENTIFIER = "com.doreso.Doreso.runtime-----UITests";
				PRODUCT_NAME = "$(TARGET_NAME)";
				TEST_TARGET_NAME = "runtime的常见用法";
			};
			name = Release;
		};
/* End XCBuildConfiguration section */

/* Begin XCConfigurationList section */
		71F4381E1E70F5C6000EB5C5 /* Build configuration list for PBXProject "runtime的常见用法" */ = {
			isa = XCConfigurationList;
			buildConfigurations = (
				71F4384E1E70F5C7000EB5C5 /* Debug */,
				71F4384F1E70F5C7000EB5C5 /* Release */,
			);
			defaultConfigurationIsVisible = 0;
			defaultConfigurationName = Release;
		};
		71F438501E70F5C7000EB5C5 /* Build configuration list for PBXNativeTarget "runtime的常见用法" */ = {
			isa = XCConfigurationList;
			buildConfigurations = (
				71F438511E70F5C7000EB5C5 /* Debug */,
				71F438521E70F5C7000EB5C5 /* Release */,
			);
			defaultConfigurationIsVisible = 0;
		};
		71F438531E70F5C7000EB5C5 /* Build configuration list for PBXNativeTarget "runtime的常见用法Tests" */ = {
			isa = XCConfigurationList;
			buildConfigurations = (
				71F438541E70F5C7000EB5C5 /* Debug */,
				71F438551E70F5C7000EB5C5 /* Release */,
			);
			defaultConfigurationIsVisible = 0;
		};
		71F438561E70F5C7000EB5C5 /* Build configuration list for PBXNativeTarget "runtime的常见用法UITests" */ = {
			isa = XCConfigurationList;
			buildConfigurations = (
				71F438571E70F5C7000EB5C5 /* Debug */,
				71F438581E70F5C7000EB5C5 /* Release */,
			);
			defaultConfigurationIsVisible = 0;
		};
/* End XCConfigurationList section */
	};
	rootObject = 71F4381B1E70F5C6000EB5C5 /* Project object */;
}
